// !$*UTF8*$!
{
	archiveVersion = 1;
	classes = {
	};
	objectVersion = 50;
	objects = {

/* Begin PBXBuildFile section */
		432DE5C926629BA900C775AC /* TopTenViewController.swift in Sources */ = {isa = PBXBuildFile; fileRef = 432DE5C826629BA900C775AC /* TopTenViewController.swift */; };
		432DE5CB26629C8900C775AC /* Location.swift in Sources */ = {isa = PBXBuildFile; fileRef = 432DE5CA26629C8900C775AC /* Location.swift */; };
		432DE5CD26629CA500C775AC /* HighScoreTableViewCell.swift in Sources */ = {isa = PBXBuildFile; fileRef = 432DE5CC26629CA500C775AC /* HighScoreTableViewCell.swift */; };
		433B8A02265810A50095CC4F /* AppDelegate.swift in Sources */ = {isa = PBXBuildFile; fileRef = 433B8A01265810A50095CC4F /* AppDelegate.swift */; };
		433B8A04265810A50095CC4F /* SceneDelegate.swift in Sources */ = {isa = PBXBuildFile; fileRef = 433B8A03265810A50095CC4F /* SceneDelegate.swift */; };
		433B8A06265810A50095CC4F /* GameViewController.swift in Sources */ = {isa = PBXBuildFile; fileRef = 433B8A05265810A50095CC4F /* GameViewController.swift */; };
		433B8A09265810A50095CC4F /* Main.storyboard in Resources */ = {isa = PBXBuildFile; fileRef = 433B8A07265810A50095CC4F /* Main.storyboard */; };
		433B8A0B265810A60095CC4F /* Assets.xcassets in Resources */ = {isa = PBXBuildFile; fileRef = 433B8A0A265810A60095CC4F /* Assets.xcassets */; };
		433B8A0E265810A60095CC4F /* LaunchScreen.storyboard in Resources */ = {isa = PBXBuildFile; fileRef = 433B8A0C265810A60095CC4F /* LaunchScreen.storyboard */; };
		4348931C26610BA100F97046 /* MainViewController.swift in Sources */ = {isa = PBXBuildFile; fileRef = 4348931B26610BA100F97046 /* MainViewController.swift */; };
		43504134266142590079440D /* Game.swift in Sources */ = {isa = PBXBuildFile; fileRef = 43504133266142590079440D /* Game.swift */; };
		4350413826621A0D0079440D /* Player.swift in Sources */ = {isa = PBXBuildFile; fileRef = 4350413726621A0D0079440D /* Player.swift */; };
		4350413A266224AB0079440D /* Utils.swift in Sources */ = {isa = PBXBuildFile; fileRef = 43504139266224AB0079440D /* Utils.swift */; };
/* End PBXBuildFile section */

/* Begin PBXContainerItemProxy section */
		433B8A15265810A70095CC4F /* PBXContainerItemProxy */ = {
			isa = PBXContainerItemProxy;
			containerPortal = 433B89F6265810A50095CC4F /* Project object */;
			proxyType = 1;
			remoteGlobalIDString = 433B89FD265810A50095CC4F;
			remoteInfo = "Emoji game";
		};
		433B8A20265810A70095CC4F /* PBXContainerItemProxy */ = {
			isa = PBXContainerItemProxy;
			containerPortal = 433B89F6265810A50095CC4F /* Project object */;
			proxyType = 1;
			remoteGlobalIDString = 433B89FD265810A50095CC4F;
			remoteInfo = "Emoji game";
		};
/* End PBXContainerItemProxy section */

/* Begin PBXFileReference section */
		432DE5C626629AC500C775AC /* Emoji game-v2Tests.xctest */ = {isa = PBXFileReference; explicitFileType = wrapper.cfbundle; includeInIndex = 0; name = "Emoji game-v2Tests.xctest"; path = "/Users/leon.grinshpun/Desktop/Swift Projects/Emoji-game-v2/build/Debug-iphoneos/Emoji game-v2Tests.xctest"; sourceTree = "<absolute>"; };
		432DE5C726629AC500C775AC /* Emoji game-v2UITests.xctest */ = {isa = PBXFileReference; explicitFileType = wrapper.cfbundle; includeInIndex = 0; name = "Emoji game-v2UITests.xctest"; path = "/Users/leon.grinshpun/Desktop/Swift Projects/Emoji-game-v2/build/Debug-iphoneos/Emoji game-v2UITests.xctest"; sourceTree = "<absolute>"; };
		432DE5C826629BA900C775AC /* TopTenViewController.swift */ = {isa = PBXFileReference; lastKnownFileType = sourcecode.swift; path = TopTenViewController.swift; sourceTree = "<group>"; };
		432DE5CA26629C8900C775AC /* Location.swift */ = {isa = PBXFileReference; lastKnownFileType = sourcecode.swift; path = Location.swift; sourceTree = "<group>"; };
		432DE5CC26629CA500C775AC /* HighScoreTableViewCell.swift */ = {isa = PBXFileReference; lastKnownFileType = sourcecode.swift; path = HighScoreTableViewCell.swift; sourceTree = "<group>"; };
		433B8A01265810A50095CC4F /* AppDelegate.swift */ = {isa = PBXFileReference; lastKnownFileType = sourcecode.swift; path = AppDelegate.swift; sourceTree = "<group>"; };
		433B8A03265810A50095CC4F /* SceneDelegate.swift */ = {isa = PBXFileReference; lastKnownFileType = sourcecode.swift; path = SceneDelegate.swift; sourceTree = "<group>"; };
		433B8A05265810A50095CC4F /* GameViewController.swift */ = {isa = PBXFileReference; lastKnownFileType = sourcecode.swift; path = GameViewController.swift; sourceTree = "<group>"; };
		433B8A08265810A50095CC4F /* Base */ = {isa = PBXFileReference; lastKnownFileType = file.storyboard; name = Base; path = Base.lproj/Main.storyboard; sourceTree = "<group>"; };
		433B8A0A265810A60095CC4F /* Assets.xcassets */ = {isa = PBXFileReference; lastKnownFileType = folder.assetcatalog; path = Assets.xcassets; sourceTree = "<group>"; };
		433B8A0D265810A60095CC4F /* Base */ = {isa = PBXFileReference; lastKnownFileType = file.storyboard; name = Base; path = Base.lproj/LaunchScreen.storyboard; sourceTree = "<group>"; };
		433B8A0F265810A60095CC4F /* Info.plist */ = {isa = PBXFileReference; lastKnownFileType = text.plist.xml; path = Info.plist; sourceTree = "<group>"; };
		4348931B26610BA100F97046 /* MainViewController.swift */ = {isa = PBXFileReference; fileEncoding = 4; lastKnownFileType = sourcecode.swift; path = MainViewController.swift; sourceTree = "<group>"; };
		43504133266142590079440D /* Game.swift */ = {isa = PBXFileReference; lastKnownFileType = sourcecode.swift; path = Game.swift; sourceTree = "<group>"; };
		4350413726621A0D0079440D /* Player.swift */ = {isa = PBXFileReference; lastKnownFileType = sourcecode.swift; path = Player.swift; sourceTree = "<group>"; };
		43504139266224AB0079440D /* Utils.swift */ = {isa = PBXFileReference; lastKnownFileType = sourcecode.swift; path = Utils.swift; sourceTree = "<group>"; };
		43BDBC5F26624A3C000E1CF5 /* Emoji game-v2.app */ = {isa = PBXFileReference; explicitFileType = wrapper.application; includeInIndex = 0; path = "Emoji game-v2.app"; sourceTree = BUILT_PRODUCTS_DIR; };
/* End PBXFileReference section */

/* Begin PBXFrameworksBuildPhase section */
		433B89FB265810A50095CC4F /* Frameworks */ = {
			isa = PBXFrameworksBuildPhase;
			buildActionMask = 2147483647;
			files = (
			);
			runOnlyForDeploymentPostprocessing = 0;
		};
		433B8A11265810A70095CC4F /* Frameworks */ = {
			isa = PBXFrameworksBuildPhase;
			buildActionMask = 2147483647;
			files = (
			);
			runOnlyForDeploymentPostprocessing = 0;
		};
		433B8A1C265810A70095CC4F /* Frameworks */ = {
			isa = PBXFrameworksBuildPhase;
			buildActionMask = 2147483647;
			files = (
			);
			runOnlyForDeploymentPostprocessing = 0;
		};
/* End PBXFrameworksBuildPhase section */

/* Begin PBXGroup section */
		433B89F5265810A50095CC4F = {
			isa = PBXGroup;
			children = (
				433B8A00265810A50095CC4F /* Emoji game-v2 */,
				43BDBC5F26624A3C000E1CF5 /* Emoji game-v2.app */,
			);
			sourceTree = "<group>";
		};
		433B8A00265810A50095CC4F /* Emoji game-v2 */ = {
			isa = PBXGroup;
			children = (
				435041322661423C0079440D /* Models */,
				4348930F2660F90800F97046 /* Controllers */,
				433B8A01265810A50095CC4F /* AppDelegate.swift */,
				433B8A03265810A50095CC4F /* SceneDelegate.swift */,
				433B8A07265810A50095CC4F /* Main.storyboard */,
				433B8A0A265810A60095CC4F /* Assets.xcassets */,
				433B8A0C265810A60095CC4F /* LaunchScreen.storyboard */,
				433B8A0F265810A60095CC4F /* Info.plist */,
			);
			path = "Emoji game-v2";
			sourceTree = "<group>";
		};
		4348930F2660F90800F97046 /* Controllers */ = {
			isa = PBXGroup;
			children = (
				4348931B26610BA100F97046 /* MainViewController.swift */,
				433B8A05265810A50095CC4F /* GameViewController.swift */,
				432DE5C826629BA900C775AC /* TopTenViewController.swift */,
			);
			name = Controllers;
			sourceTree = "<group>";
		};
		435041322661423C0079440D /* Models */ = {
			isa = PBXGroup;
			children = (
				43504133266142590079440D /* Game.swift */,
				4350413726621A0D0079440D /* Player.swift */,
				43504139266224AB0079440D /* Utils.swift */,
				432DE5CA26629C8900C775AC /* Location.swift */,
				432DE5CC26629CA500C775AC /* HighScoreTableViewCell.swift */,
			);
			name = Models;
			sourceTree = "<group>";
		};
/* End PBXGroup section */

/* Begin PBXNativeTarget section */
		433B89FD265810A50095CC4F /* Emoji game-v2 */ = {
			isa = PBXNativeTarget;
			buildConfigurationList = 433B8A28265810A70095CC4F /* Build configuration list for PBXNativeTarget "Emoji game-v2" */;
			buildPhases = (
				433B89FA265810A50095CC4F /* Sources */,
				433B89FB265810A50095CC4F /* Frameworks */,
				433B89FC265810A50095CC4F /* Resources */,
			);
			buildRules = (
			);
			dependencies = (
			);
			name = "Emoji game-v2";
			productName = "Emoji game";
			productReference = 43BDBC5F26624A3C000E1CF5 /* Emoji game-v2.app */;
			productType = "com.apple.product-type.application";
		};
		433B8A13265810A70095CC4F /* Emoji game-v2Tests */ = {
			isa = PBXNativeTarget;
			buildConfigurationList = 433B8A2B265810A70095CC4F /* Build configuration list for PBXNativeTarget "Emoji game-v2Tests" */;
			buildPhases = (
				433B8A10265810A70095CC4F /* Sources */,
				433B8A11265810A70095CC4F /* Frameworks */,
				433B8A12265810A70095CC4F /* Resources */,
			);
			buildRules = (
			);
			dependencies = (
				433B8A16265810A70095CC4F /* PBXTargetDependency */,
			);
			name = "Emoji game-v2Tests";
			productName = "Emoji gameTests";
			productReference = 432DE5C626629AC500C775AC /* Emoji game-v2Tests.xctest */;
			productType = "com.apple.product-type.bundle.unit-test";
		};
		433B8A1E265810A70095CC4F /* Emoji game-v2UITests */ = {
			isa = PBXNativeTarget;
			buildConfigurationList = 433B8A2E265810A70095CC4F /* Build configuration list for PBXNativeTarget "Emoji game-v2UITests" */;
			buildPhases = (
				433B8A1B265810A70095CC4F /* Sources */,
				433B8A1C265810A70095CC4F /* Frameworks */,
				433B8A1D265810A70095CC4F /* Resources */,
			);
			buildRules = (
			);
			dependencies = (
				433B8A21265810A70095CC4F /* PBXTargetDependency */,
			);
			name = "Emoji game-v2UITests";
			productName = "Emoji gameUITests";
			productReference = 432DE5C726629AC500C775AC /* Emoji game-v2UITests.xctest */;
			productType = "com.apple.product-type.bundle.ui-testing";
		};
/* End PBXNativeTarget section */

/* Begin PBXProject section */
		433B89F6265810A50095CC4F /* Project object */ = {
			isa = PBXProject;
			attributes = {
				LastSwiftUpdateCheck = 1250;
				LastUpgradeCheck = 1250;
				TargetAttributes = {
					433B89FD265810A50095CC4F = {
						CreatedOnToolsVersion = 12.5;
					};
					433B8A13265810A70095CC4F = {
						CreatedOnToolsVersion = 12.5;
						TestTargetID = 433B89FD265810A50095CC4F;
					};
					433B8A1E265810A70095CC4F = {
						CreatedOnToolsVersion = 12.5;
						TestTargetID = 433B89FD265810A50095CC4F;
					};
				};
			};
			buildConfigurationList = 433B89F9265810A50095CC4F /* Build configuration list for PBXProject "Emoji game-v2" */;
			compatibilityVersion = "Xcode 9.3";
			developmentRegion = en;
			hasScannedForEncodings = 0;
			knownRegions = (
				en,
				Base,
			);
			mainGroup = 433B89F5265810A50095CC4F;
			productRefGroup = 433B89F5265810A50095CC4F;
			projectDirPath = "";
			projectRoot = "";
			targets = (
				433B89FD265810A50095CC4F /* Emoji game-v2 */,
				433B8A13265810A70095CC4F /* Emoji game-v2Tests */,
				433B8A1E265810A70095CC4F /* Emoji game-v2UITests */,
			);
		};
/* End PBXProject section */

/* Begin PBXResourcesBuildPhase section */
		433B89FC265810A50095CC4F /* Resources */ = {
			isa = PBXResourcesBuildPhase;
			buildActionMask = 2147483647;
			files = (
				433B8A0E265810A60095CC4F /* LaunchScreen.storyboard in Resources */,
				433B8A0B265810A60095CC4F /* Assets.xcassets in Resources */,
				433B8A09265810A50095CC4F /* Main.storyboard in Resources */,
			);
			runOnlyForDeploymentPostprocessing = 0;
		};
		433B8A12265810A70095CC4F /* Resources */ = {
			isa = PBXResourcesBuildPhase;
			buildActionMask = 2147483647;
			files = (
			);
			runOnlyForDeploymentPostprocessing = 0;
		};
		433B8A1D265810A70095CC4F /* Resources */ = {
			isa = PBXResourcesBuildPhase;
			buildActionMask = 2147483647;
			files = (
			);
			runOnlyForDeploymentPostprocessing = 0;
		};
/* End PBXResourcesBuildPhase section */

/* Begin PBXSourcesBuildPhase section */
		433B89FA265810A50095CC4F /* Sources */ = {
			isa = PBXSourcesBuildPhase;
			buildActionMask = 2147483647;
			files = (
				43504134266142590079440D /* Game.swift in Sources */,
				432DE5CB26629C8900C775AC /* Location.swift in Sources */,
				433B8A06265810A50095CC4F /* GameViewController.swift in Sources */,
				433B8A02265810A50095CC4F /* AppDelegate.swift in Sources */,
				432DE5C926629BA900C775AC /* TopTenViewController.swift in Sources */,
				432DE5CD26629CA500C775AC /* HighScoreTableViewCell.swift in Sources */,
				4350413826621A0D0079440D /* Player.swift in Sources */,
				433B8A04265810A50095CC4F /* SceneDelegate.swift in Sources */,
				4348931C26610BA100F97046 /* MainViewController.swift in Sources */,
				4350413A266224AB0079440D /* Utils.swift in Sources */,
			);
			runOnlyForDeploymentPostprocessing = 0;
		};
		433B8A10265810A70095CC4F /* Sources */ = {
			isa = PBXSourcesBuildPhase;
			buildActionMask = 2147483647;
			files = (
			);
			runOnlyForDeploymentPostprocessing = 0;
		};
		433B8A1B265810A70095CC4F /* Sources */ = {
			isa = PBXSourcesBuildPhase;
			buildActionMask = 2147483647;
			files = (
			);
			runOnlyForDeploymentPostprocessing = 0;
		};
/* End PBXSourcesBuildPhase section */

/* Begin PBXTargetDependency section */
		433B8A16265810A70095CC4F /* PBXTargetDependency */ = {
			isa = PBXTargetDependency;
			target = 433B89FD265810A50095CC4F /* Emoji game-v2 */;
			targetProxy = 433B8A15265810A70095CC4F /* PBXContainerItemProxy */;
		};
		433B8A21265810A70095CC4F /* PBXTargetDependency */ = {
			isa = PBXTargetDependency;
			target = 433B89FD265810A50095CC4F /* Emoji game-v2 */;
			targetProxy = 433B8A20265810A70095CC4F /* PBXContainerItemProxy */;
		};
/* End PBXTargetDependency section */

/* Begin PBXVariantGroup section */
		433B8A07265810A50095CC4F /* Main.storyboard */ = {
			isa = PBXVariantGroup;
			children = (
				433B8A08265810A50095CC4F /* Base */,
			);
			name = Main.storyboard;
			sourceTree = "<group>";
		};
		433B8A0C265810A60095CC4F /* LaunchScreen.storyboard */ = {
			isa = PBXVariantGroup;
			children = (
				433B8A0D265810A60095CC4F /* Base */,
			);
			name = LaunchScreen.storyboard;
			sourceTree = "<group>";
		};
/* End PBXVariantGroup section */

/* Begin XCBuildConfiguration section */
		433B8A26265810A70095CC4F /* Debug */ = {
			isa = XCBuildConfiguration;
			buildSettings = {
				ALWAYS_SEARCH_USER_PATHS = NO;
				CLANG_ANALYZER_NONNULL = YES;
				CLANG_ANALYZER_NUMBER_OBJECT_CONVERSION = YES_AGGRESSIVE;
				CLANG_CXX_LANGUAGE_STANDARD = "gnu++14";
				CLANG_CXX_LIBRARY = "libc++";
				CLANG_ENABLE_MODULES = YES;
				CLANG_ENABLE_OBJC_ARC = YES;
				CLANG_ENABLE_OBJC_WEAK = YES;
				CLANG_WARN_BLOCK_CAPTURE_AUTORELEASING = YES;
				CLANG_WARN_BOOL_CONVERSION = YES;
				CLANG_WARN_COMMA = YES;
				CLANG_WARN_CONSTANT_CONVERSION = YES;
				CLANG_WARN_DEPRECATED_OBJC_IMPLEMENTATIONS = YES;
				CLANG_WARN_DIRECT_OBJC_ISA_USAGE = YES_ERROR;
				CLANG_WARN_DOCUMENTATION_COMMENTS = YES;
				CLANG_WARN_EMPTY_BODY = YES;
				CLANG_WARN_ENUM_CONVERSION = YES;
				CLANG_WARN_INFINITE_RECURSION = YES;
				CLANG_WARN_INT_CONVERSION = YES;
				CLANG_WARN_NON_LITERAL_NULL_CONVERSION = YES;
				CLANG_WARN_OBJC_IMPLICIT_RETAIN_SELF = YES;
				CLANG_WARN_OBJC_LITERAL_CONVERSION = YES;
				CLANG_WARN_OBJC_ROOT_CLASS = YES_ERROR;
				CLANG_WARN_QUOTED_INCLUDE_IN_FRAMEWORK_HEADER = YES;
				CLANG_WARN_RANGE_LOOP_ANALYSIS = YES;
				CLANG_WARN_STRICT_PROTOTYPES = YES;
				CLANG_WARN_SUSPICIOUS_MOVE = YES;
				CLANG_WARN_UNGUARDED_AVAILABILITY = YES_AGGRESSIVE;
				CLANG_WARN_UNREACHABLE_CODE = YES;
				CLANG_WARN__DUPLICATE_METHOD_MATCH = YES;
				COPY_PHASE_STRIP = NO;
				DEBUG_INFORMATION_FORMAT = dwarf;
				ENABLE_STRICT_OBJC_MSGSEND = YES;
				ENABLE_TESTABILITY = YES;
				GCC_C_LANGUAGE_STANDARD = gnu11;
				GCC_DYNAMIC_NO_PIC = NO;
				GCC_NO_COMMON_BLOCKS = YES;
				GCC_OPTIMIZATION_LEVEL = 0;
				GCC_PREPROCESSOR_DEFINITIONS = (
					"DEBUG=1",
					"$(inherited)",
				);
				GCC_WARN_64_TO_32_BIT_CONVERSION = YES;
				GCC_WARN_ABOUT_RETURN_TYPE = YES_ERROR;
				GCC_WARN_UNDECLARED_SELECTOR = YES;
				GCC_WARN_UNINITIALIZED_AUTOS = YES_AGGRESSIVE;
				GCC_WARN_UNUSED_FUNCTION = YES;
				GCC_WARN_UNUSED_VARIABLE = YES;
				IPHONEOS_DEPLOYMENT_TARGET = 14.5;
				MTL_ENABLE_DEBUG_INFO = INCLUDE_SOURCE;
				MTL_FAST_MATH = YES;
				ONLY_ACTIVE_ARCH = YES;
				SDKROOT = iphoneos;
				SWIFT_ACTIVE_COMPILATION_CONDITIONS = DEBUG;
				SWIFT_OPTIMIZATION_LEVEL = "-Onone";
			};
			name = Debug;
		};
		433B8A27265810A70095CC4F /* Release */ = {
			isa = XCBuildConfiguration;
			buildSettings = {
				ALWAYS_SEARCH_USER_PATHS = NO;
				CLANG_ANALYZER_NONNULL = YES;
				CLANG_ANALYZER_NUMBER_OBJECT_CONVERSION = YES_AGGRESSIVE;
				CLANG_CXX_LANGUAGE_STANDARD = "gnu++14";
				CLANG_CXX_LIBRARY = "libc++";
				CLANG_ENABLE_MODULES = YES;
				CLANG_ENABLE_OBJC_ARC = YES;
				CLANG_ENABLE_OBJC_WEAK = YES;
				CLANG_WARN_BLOCK_CAPTURE_AUTORELEASING = YES;
				CLANG_WARN_BOOL_CONVERSION = YES;
				CLANG_WARN_COMMA = YES;
				CLANG_WARN_CONSTANT_CONVERSION = YES;
				CLANG_WARN_DEPRECATED_OBJC_IMPLEMENTATIONS = YES;
				CLANG_WARN_DIRECT_OBJC_ISA_USAGE = YES_ERROR;
				CLANG_WARN_DOCUMENTATION_COMMENTS = YES;
				CLANG_WARN_EMPTY_BODY = YES;
				CLANG_WARN_ENUM_CONVERSION = YES;
				CLANG_WARN_INFINITE_RECURSION = YES;
				CLANG_WARN_INT_CONVERSION = YES;
				CLANG_WARN_NON_LITERAL_NULL_CONVERSION = YES;
				CLANG_WARN_OBJC_IMPLICIT_RETAIN_SELF = YES;
				CLANG_WARN_OBJC_LITERAL_CONVERSION = YES;
				CLANG_WARN_OBJC_ROOT_CLASS = YES_ERROR;
				CLANG_WARN_QUOTED_INCLUDE_IN_FRAMEWORK_HEADER = YES;
				CLANG_WARN_RANGE_LOOP_ANALYSIS = YES;
				CLANG_WARN_STRICT_PROTOTYPES = YES;
				CLANG_WARN_SUSPICIOUS_MOVE = YES;
				CLANG_WARN_UNGUARDED_AVAILABILITY = YES_AGGRESSIVE;
				CLANG_WARN_UNREACHABLE_CODE = YES;
				CLANG_WARN__DUPLICATE_METHOD_MATCH = YES;
				COPY_PHASE_STRIP = NO;
				DEBUG_INFORMATION_FORMAT = "dwarf-with-dsym";
				ENABLE_NS_ASSERTIONS = NO;
				ENABLE_STRICT_OBJC_MSGSEND = YES;
				GCC_C_LANGUAGE_STANDARD = gnu11;
				GCC_NO_COMMON_BLOCKS = YES;
				GCC_WARN_64_TO_32_BIT_CONVERSION = YES;
				GCC_WARN_ABOUT_RETURN_TYPE = YES_ERROR;
				GCC_WARN_UNDECLARED_SELECTOR = YES;
				GCC_WARN_UNINITIALIZED_AUTOS = YES_AGGRESSIVE;
				GCC_WARN_UNUSED_FUNCTION = YES;
				GCC_WARN_UNUSED_VARIABLE = YES;
				IPHONEOS_DEPLOYMENT_TARGET = 14.5;
				MTL_ENABLE_DEBUG_INFO = NO;
				MTL_FAST_MATH = YES;
				SDKROOT = iphoneos;
				SWIFT_COMPILATION_MODE = wholemodule;
				SWIFT_OPTIMIZATION_LEVEL = "-O";
				VALIDATE_PRODUCT = YES;
			};
			name = Release;
		};
		433B8A29265810A70095CC4F /* Debug */ = {
			isa = XCBuildConfiguration;
			buildSettings = {
				ASSETCATALOG_COMPILER_APPICON_NAME = AppIcon;
				ASSETCATALOG_COMPILER_GLOBAL_ACCENT_COLOR_NAME = AccentColor;
				CODE_SIGN_STYLE = Automatic;
				DEVELOPMENT_TEAM = 5MYHZ63HSN;
				INFOPLIST_FILE = "Emoji game-v2/Info.plist";
				LD_RUNPATH_SEARCH_PATHS = (
					"$(inherited)",
					"@executable_path/Frameworks",
				);
				PRODUCT_BUNDLE_IDENTIFIER = "memory-game.Emoji-game-v2";
				PRODUCT_NAME = "$(TARGET_NAME)";
				SWIFT_VERSION = 5.0;
				TARGETED_DEVICE_FAMILY = "1,2";
			};
			name = Debug;
		};
		433B8A2A265810A70095CC4F /* Release */ = {
			isa = XCBuildConfiguration;
			buildSettings = {
				ASSETCATALOG_COMPILER_APPICON_NAME = AppIcon;
				ASSETCATALOG_COMPILER_GLOBAL_ACCENT_COLOR_NAME = AccentColor;
				CODE_SIGN_STYLE = Automatic;
				DEVELOPMENT_TEAM = 5MYHZ63HSN;
				INFOPLIST_FILE = "Emoji game-v2/Info.plist";
				LD_RUNPATH_SEARCH_PATHS = (
					"$(inherited)",
					"@executable_path/Frameworks",
				);
				PRODUCT_BUNDLE_IDENTIFIER = "memory-game.Emoji-game-v2";
				PRODUCT_NAME = "$(TARGET_NAME)";
				SWIFT_VERSION = 5.0;
				TARGETED_DEVICE_FAMILY = "1,2";
			};
			name = Release;
		};
		433B8A2C265810A70095CC4F /* Debug */ = {
			isa = XCBuildConfiguration;
			buildSettings = {
				ALWAYS_EMBED_SWIFT_STANDARD_LIBRARIES = YES;
				BUNDLE_LOADER = "$(TEST_HOST)";
				CODE_SIGN_STYLE = Automatic;
				INFOPLIST_FILE = "Emoji gameTests/Info.plist";
				IPHONEOS_DEPLOYMENT_TARGET = 14.5;
				LD_RUNPATH_SEARCH_PATHS = (
					"$(inherited)",
					"@executable_path/Frameworks",
					"@loader_path/Frameworks",
				);
				PRODUCT_BUNDLE_IDENTIFIER = "memory-game.Emoji-gameTests";
				PRODUCT_NAME = "$(TARGET_NAME)";
				SWIFT_VERSION = 5.0;
				TARGETED_DEVICE_FAMILY = "1,2";
				TEST_HOST = "$(BUILT_PRODUCTS_DIR)/Emoji game-v2.app/Emoji game-v2";
			};
			name = Debug;
		};
		433B8A2D265810A70095CC4F /* Release */ = {
			isa = XCBuildConfiguration;
			buildSettings = {
				ALWAYS_EMBED_SWIFT_STANDARD_LIBRARIES = YES;
				BUNDLE_LOADER = "$(TEST_HOST)";
				CODE_SIGN_STYLE = Automatic;
				INFOPLIST_FILE = "Emoji gameTests/Info.plist";
				IPHONEOS_DEPLOYMENT_TARGET = 14.5;
				LD_RUNPATH_SEARCH_PATHS = (
					"$(inherited)",
					"@executable_path/Frameworks",
					"@loader_path/Frameworks",
				);
				PRODUCT_BUNDLE_IDENTIFIER = "memory-game.Emoji-gameTests";
				PRODUCT_NAME = "$(TARGET_NAME)";
				SWIFT_VERSION = 5.0;
				TARGETED_DEVICE_FAMILY = "1,2";
				TEST_HOST = "$(BUILT_PRODUCTS_DIR)/Emoji game-v2.app/Emoji game-v2";
			};
			name = Release;
		};
		433B8A2F265810A70095CC4F /* Debug */ = {
			isa = XCBuildConfiguration;
			buildSettings = {
				ALWAYS_EMBED_SWIFT_STANDARD_LIBRARIES = YES;
				CODE_SIGN_STYLE = Automatic;
				INFOPLIST_FILE = "Emoji gameUITests/Info.plist";
				LD_RUNPATH_SEARCH_PATHS = (
					"$(inherited)",
					"@executable_path/Frameworks",
					"@loader_path/Frameworks",
				);
				PRODUCT_BUNDLE_IDENTIFIER = "memory-game.Emoji-gameUITests";
				PRODUCT_NAME = "$(TARGET_NAME)";
				SWIFT_VERSION = 5.0;
				TARGETED_DEVICE_FAMILY = "1,2";
				TEST_TARGET_NAME = "Emoji game";
			};
			name = Debug;
		};
		433B8A30265810A70095CC4F /* Release */ = {
			isa = XCBuildConfiguration;
			buildSettings = {
				ALWAYS_EMBED_SWIFT_STANDARD_LIBRARIES = YES;
				CODE_SIGN_STYLE = Automatic;
				INFOPLIST_FILE = "Emoji gameUITests/Info.plist";
				LD_RUNPATH_SEARCH_PATHS = (
					"$(inherited)",
					"@executable_path/Frameworks",
					"@loader_path/Frameworks",
				);
				PRODUCT_BUNDLE_IDENTIFIER = "memory-game.Emoji-gameUITests";
				PRODUCT_NAME = "$(TARGET_NAME)";
				SWIFT_VERSION = 5.0;
				TARGETED_DEVICE_FAMILY = "1,2";
				TEST_TARGET_NAME = "Emoji game";
			};
			name = Release;
		};
/* End XCBuildConfiguration section */

/* Begin XCConfigurationList section */
		433B89F9265810A50095CC4F /* Build configuration list for PBXProject "Emoji game-v2" */ = {
			isa = XCConfigurationList;
			buildConfigurations = (
				433B8A26265810A70095CC4F /* Debug */,
				433B8A27265810A70095CC4F /* Release */,
			);
			defaultConfigurationIsVisible = 0;
			defaultConfigurationName = Release;
		};
		433B8A28265810A70095CC4F /* Build configuration list for PBXNativeTarget "Emoji game-v2" */ = {
			isa = XCConfigurationList;
			buildConfigurations = (
				433B8A29265810A70095CC4F /* Debug */,
				433B8A2A265810A70095CC4F /* Release */,
			);
			defaultConfigurationIsVisible = 0;
			defaultConfigurationName = Release;
		};
		433B8A2B265810A70095CC4F /* Build configuration list for PBXNativeTarget "Emoji game-v2Tests" */ = {
			isa = XCConfigurationList;
			buildConfigurations = (
				433B8A2C265810A70095CC4F /* Debug */,
				433B8A2D265810A70095CC4F /* Release */,
			);
			defaultConfigurationIsVisible = 0;
			defaultConfigurationName = Release;
		};
		433B8A2E265810A70095CC4F /* Build configuration list for PBXNativeTarget "Emoji game-v2UITests" */ = {
			isa = XCConfigurationList;
			buildConfigurations = (
				433B8A2F265810A70095CC4F /* Debug */,
				433B8A30265810A70095CC4F /* Release */,
			);
			defaultConfigurationIsVisible = 0;
			defaultConfigurationName = Release;
		};
/* End XCConfigurationList section */
	};
	rootObject = 433B89F6265810A50095CC4F /* Project object */;
}
